github.com/Meduzz/helper v0.0.0-20230914182321-509db3825e53 h1:Oi1SsJRt27oqrrMbkKr+RdXmpTaXmUsvyH4BYPrCxzM=
github.com/Meduzz/helper v0.0.0-20230914182321-509db3825e53/go.mod h1:3BqVrhtMHCMpwPcUXMUrP41ZKgIyUTA4R4uMWRjBhmY=
github.com/Meduzz/helper v0.0.0-20231029084538-7b11e8e431b5 h1:JHbZvspZaekECaIFw//qDALJYt4rhkPIeSR5QqSqTk8=
github.com/Meduzz/helper v0.0.0-20231029084538-7b11e8e431b5/go.mod h1:3BqVrhtMHCMpwPcUXMUrP41ZKgIyUTA4R4uMWRjBhmY=
